// !$*UTF8*$!
{
	archiveVersion = 1;
	classes = {
	};
	objectVersion = 46;
	objects = {

/* Begin PBXGroup section */
		78D320F6159055A10039E12B = {
			isa = PBXGroup;
			children = (
			);
			sourceTree = "<group>";
		};
/* End PBXGroup section */

/* Begin PBXProject section */
		78D320F8159055A10039E12B /* Project object */ = {
			isa = PBXProject;
			attributes = {
				LastUpgradeCheck = 0430;
				ORGANIZATIONNAME = "Pioneering Software, United Kingdom";
			};
			buildConfigurationList = 78D320FB159055A10039E12B /* Build configuration list for PBXProject "CFSockets" */;
			compatibilityVersion = "Xcode 3.2";
			developmentRegion = English;
			hasScannedForEncodings = 0;
			knownRegions = (
				en,
			);
			mainGroup = 78D320F6159055A10039E12B;
			projectDirPath = "";
			projectRoot = "";
			targets = (
			);
		};
/* End PBXProject section */

/* Begin XCBuildConfiguration section */
		78D320FD159055A10039E12B /* Debug */ = {
			isa = XCBuildConfiguration;
			buildSettings = {
			};
			name = Debug;
		};
		78D320FE159055A10039E12B /* Release */ = {
			isa = XCBuildConfiguration;
			buildSettings = {
			};
			name = Release;
		};
/* End XCBuildConfiguration section */

/* Begin XCConfigurationList section */
		78D320FB159055A10039E12B /* Build configuration list for PBXProject "CFSockets" */ = {
			isa = XCConfigurationList;
			buildConfigurations = (
				78D320FD159055A10039E12B /* Debug */,
				78D320FE159055A10039E12B /* Release */,
			);
			defaultConfigurationIsVisible = 0;
			defaultConfigurationName = Release;
		};
/* End XCConfigurationList section */
	};
	rootObject = 78D320F8159055A10039E12B /* Project object */;
}
